// !$*UTF8*$!
{
	archiveVersion = 1;
	classes = {
	};
	objectVersion = 46;
	objects = {

/* Begin PBXBuildFile section */
		562A51BC1E6D09A800ED1F39 /* AppDelegate.swift in Sources */ = {isa = PBXBuildFile; fileRef = 562A51BB1E6D09A800ED1F39 /* AppDelegate.swift */; };
		562A51BE1E6D09A800ED1F39 /* ViewController.swift in Sources */ = {isa = PBXBuildFile; fileRef = 562A51BD1E6D09A800ED1F39 /* ViewController.swift */; };
		562A51C11E6D09A800ED1F39 /* Main.storyboard in Resources */ = {isa = PBXBuildFile; fileRef = 562A51BF1E6D09A800ED1F39 /* Main.storyboard */; };
		562A51C31E6D09A800ED1F39 /* Assets.xcassets in Resources */ = {isa = PBXBuildFile; fileRef = 562A51C21E6D09A800ED1F39 /* Assets.xcassets */; };
		562A51C61E6D09A800ED1F39 /* LaunchScreen.storyboard in Resources */ = {isa = PBXBuildFile; fileRef = 562A51C41E6D09A800ED1F39 /* LaunchScreen.storyboard */; };
/* End PBXBuildFile section */

/* Begin PBXFileReference section */
		562A51B81E6D09A800ED1F39 /* demotoantreem.app */ = {isa = PBXFileReference; explicitFileType = wrapper.application; includeInIndex = 0; path = demotoantreem.app; sourceTree = BUILT_PRODUCTS_DIR; };
		562A51BB1E6D09A800ED1F39 /* AppDelegate.swift */ = {isa = PBXFileReference; lastKnownFileType = sourcecode.swift; path = AppDelegate.swift; sourceTree = "<group>"; };
		562A51BD1E6D09A800ED1F39 /* ViewController.swift */ = {isa = PBXFileReference; lastKnownFileType = sourcecode.swift; path = ViewController.swift; sourceTree = "<group>"; };
		562A51C01E6D09A800ED1F39 /* Base */ = {isa = PBXFileReference; lastKnownFileType = file.storyboard; name = Base; path = Base.lproj/Main.storyboard; sourceTree = "<group>"; };
		562A51C21E6D09A800ED1F39 /* Assets.xcassets */ = {isa = PBXFileReference; lastKnownFileType = folder.assetcatalog; path = Assets.xcassets; sourceTree = "<group>"; };
		562A51C51E6D09A800ED1F39 /* Base */ = {isa = PBXFileReference; lastKnownFileType = file.storyboard; name = Base; path = Base.lproj/LaunchScreen.storyboard; sourceTree = "<group>"; };
		562A51C71E6D09A800ED1F39 /* Info.plist */ = {isa = PBXFileReference; lastKnownFileType = text.plist.xml; path = Info.plist; sourceTree = "<group>"; };
/* End PBXFileReference section */

/* Begin PBXFrameworksBuildPhase section */
		562A51B51E6D09A800ED1F39 /* Frameworks */ = {
			isa = PBXFrameworksBuildPhase;
			buildActionMask = 2147483647;
			files = (
			);
			runOnlyForDeploymentPostprocessing = 0;
		};
/* End PBXFrameworksBuildPhase section */

/* Begin PBXGroup section */
		562A51AF1E6D09A800ED1F39 = {
			isa = PBXGroup;
			children = (
				562A51BA1E6D09A800ED1F39 /* demotoantreem */,
				562A51B91E6D09A800ED1F39 /* Products */,
			);
			sourceTree = "<group>";
		};
		562A51B91E6D09A800ED1F39 /* Products */ = {
			isa = PBXGroup;
			children = (
				562A51B81E6D09A800ED1F39 /* demotoantreem.app */,
			);
			name = Products;
			sourceTree = "<group>";
		};
		562A51BA1E6D09A800ED1F39 /* demotoantreem */ = {
			isa = PBXGroup;
			children = (
				562A51BB1E6D09A800ED1F39 /* AppDelegate.swift */,
				562A51BD1E6D09A800ED1F39 /* ViewController.swift */,
				562A51BF1E6D09A800ED1F39 /* Main.storyboard */,
				562A51C21E6D09A800ED1F39 /* Assets.xcassets */,
				562A51C41E6D09A800ED1F39 /* LaunchScreen.storyboard */,
				562A51C71E6D09A800ED1F39 /* Info.plist */,
			);
			path = demotoantreem;
			sourceTree = "<group>";
		};
/* End PBXGroup section */

/* Begin PBXNativeTarget section */
		562A51B71E6D09A800ED1F39 /* demotoantreem */ = {
			isa = PBXNativeTarget;
			buildConfigurationList = 562A51CA1E6D09A800ED1F39 /* Build configuration list for PBXNativeTarget "demotoantreem" */;
			buildPhases = (
				562A51B41E6D09A800ED1F39 /* Sources */,
				562A51B51E6D09A800ED1F39 /* Frameworks */,
				562A51B61E6D09A800ED1F39 /* Resources */,
			);
			buildRules = (
			);
			dependencies = (
			);
			name = demotoantreem;
			productName = demotoantreem;
			productReference = 562A51B81E6D09A800ED1F39 /* demotoantreem.app */;
			productType = "com.apple.product-type.application";
		};
/* End PBXNativeTarget section */

/* Begin PBXProject section */
		562A51B01E6D09A800ED1F39 /* Project object */ = {
			isa = PBXProject;
			attributes = {
				LastSwiftUpdateCheck = 0820;
				LastUpgradeCheck = 0820;
				ORGANIZATIONNAME = "Viet Anh";
				TargetAttributes = {
					562A51B71E6D09A800ED1F39 = {
						CreatedOnToolsVersion = 8.2.1;
						ProvisioningStyle = Automatic;
					};
				};
			};
			buildConfigurationList = 562A51B31E6D09A800ED1F39 /* Build configuration list for PBXProject "demotoantreem" */;
			compatibilityVersion = "Xcode 3.2";
			developmentRegion = English;
			hasScannedForEncodings = 0;
			knownRegions = (
				en,
				Base,
			);
			mainGroup = 562A51AF1E6D09A800ED1F39;
			productRefGroup = 562A51B91E6D09A800ED1F39 /* Products */;
			projectDirPath = "";
			projectRoot = "";
			targets = (
				562A51B71E6D09A800ED1F39 /* demotoantreem */,
			);
		};
/* End PBXProject section */

/* Begin PBXResourcesBuildPhase section */
		562A51B61E6D09A800ED1F39 /* Resources */ = {
			isa = PBXResourcesBuildPhase;
			buildActionMask = 2147483647;
			files = (
				562A51C61E6D09A800ED1F39 /* LaunchScreen.storyboard in Resources */,
				562A51C31E6D09A800ED1F39 /* Assets.xcassets in Resources */,
				562A51C11E6D09A800ED1F39 /* Main.storyboard in Resources */,
			);
			runOnlyForDeploymentPostprocessing = 0;
		};
/* End PBXResourcesBuildPhase section */

/* Begin PBXSourcesBuildPhase section */
		562A51B41E6D09A800ED1F39 /* Sources */ = {
			isa = PBXSourcesBuildPhase;
			buildActionMask = 2147483647;
			files = (
				562A51BE1E6D09A800ED1F39 /* ViewController.swift in Sources */,
				562A51BC1E6D09A800ED1F39 /* AppDelegate.swift in Sources */,
			);
			runOnlyForDeploymentPostprocessing = 0;
		};
/* End PBXSourcesBuildPhase section */

/* Begin PBXVariantGroup section */
		562A51BF1E6D09A800ED1F39 /* Main.storyboard */ = {
			isa = PBXVariantGroup;
			children = (
				562A51C01E6D09A800ED1F39 /* Base */,
			);
			name = Main.storyboard;
			sourceTree = "<group>";
		};
		562A51C41E6D09A800ED1F39 /* LaunchScreen.storyboard */ = {
			isa = PBXVariantGroup;
			children = (
				562A51C51E6D09A800ED1F39 /* Base */,
			);
			name = LaunchScreen.storyboard;
			sourceTree = "<group>";
		};
/* End PBXVariantGroup section */

/* Begin XCBuildConfiguration section */
		562A51C81E6D09A800ED1F39 /* Debug */ = {
			isa = XCBuildConfiguration;
			buildSettings = {
				ALWAYS_SEARCH_USER_PATHS = NO;
				CLANG_ANALYZER_NONNULL = YES;
				CLANG_CXX_LANGUAGE_STANDARD = "gnu++0x";
				CLANG_CXX_LIBRARY = "libc++";
				CLANG_ENABLE_MODULES = YES;
				CLANG_ENABLE_OBJC_ARC = YES;
				CLANG_WARN_BOOL_CONVERSION = YES;
				CLANG_WARN_CONSTANT_CONVERSION = YES;
				CLANG_WARN_DIRECT_OBJC_ISA_USAGE = YES_ERROR;
				CLANG_WARN_DOCUMENTATION_COMMENTS = YES;
				CLANG_WARN_EMPTY_BODY = YES;
				CLANG_WARN_ENUM_CONVERSION = YES;
				CLANG_WARN_INFINITE_RECURSION = YES;
				CLANG_WARN_INT_CONVERSION = YES;
				CLANG_WARN_OBJC_ROOT_CLASS = YES_ERROR;
				CLANG_WARN_SUSPICIOUS_MOVE = YES;
				CLANG_WARN_UNREACHABLE_CODE = YES;
				CLANG_WARN__DUPLICATE_METHOD_MATCH = YES;
				"CODE_SIGN_IDENTITY[sdk=iphoneos*]" = "iPhone Developer";
				COPY_PHASE_STRIP = NO;
				DEBUG_INFORMATION_FORMAT = dwarf;
				ENABLE_STRICT_OBJC_MSGSEND = YES;
				ENABLE_TESTABILITY = YES;
				GCC_C_LANGUAGE_STANDARD = gnu99;
				GCC_DYNAMIC_NO_PIC = NO;
				GCC_NO_COMMON_BLOCKS = YES;
				GCC_OPTIMIZATION_LEVEL = 0;
				GCC_PREPROCESSOR_DEFINITIONS = (
					"DEBUG=1",
					"$(inherited)",
				);
				GCC_WARN_64_TO_32_BIT_CONVERSION = YES;
				GCC_WARN_ABOUT_RETURN_TYPE = YES_ERROR;
				GCC_WARN_UNDECLARED_SELECTOR = YES;
				GCC_WARN_UNINITIALIZED_AUTOS = YES_AGGRESSIVE;
				GCC_WARN_UNUSED_FUNCTION = YES;
				GCC_WARN_UNUSED_VARIABLE = YES;
				IPHONEOS_DEPLOYMENT_TARGET = 10.2;
				MTL_ENABLE_DEBUG_INFO = YES;
				ONLY_ACTIVE_ARCH = YES;
				SDKROOT = iphoneos;
				SWIFT_ACTIVE_COMPILATION_CONDITIONS = DEBUG;
				SWIFT_OPTIMIZATION_LEVEL = "-Onone";
				TARGETED_DEVICE_FAMILY = "1,2";
			};
			name = Debug;
		};
		562A51C91E6D09A800ED1F39 /* Release */ = {
			isa = XCBuildConfiguration;
			buildSettings = {
				ALWAYS_SEARCH_USER_PATHS = NO;
				CLANG_ANALYZER_NONNULL = YES;
				CLANG_CXX_LANGUAGE_STANDARD = "gnu++0x";
				CLANG_CXX_LIBRARY = "libc++";
				CLANG_ENABLE_MODULES = YES;
				CLANG_ENABLE_OBJC_ARC = YES;
				CLANG_WARN_BOOL_CONVERSION = YES;
				CLANG_WARN_CONSTANT_CONVERSION = YES;
				CLANG_WARN_DIRECT_OBJC_ISA_USAGE = YES_ERROR;
				CLANG_WARN_DOCUMENTATION_COMMENTS = YES;
				CLANG_WARN_EMPTY_BODY = YES;
				CLANG_WARN_ENUM_CONVERSION = YES;
				CLANG_WARN_INFINITE_RECURSION = YES;
				CLANG_WARN_INT_CONVERSION = YES;
				CLANG_WARN_OBJC_ROOT_CLASS = YES_ERROR;
				CLANG_WARN_SUSPICIOUS_MOVE = YES;
				CLANG_WARN_UNREACHABLE_CODE = YES;
				CLANG_WARN__DUPLICATE_METHOD_MATCH = YES;
				"CODE_SIGN_IDENTITY[sdk=iphoneos*]" = "iPhone Developer";
				COPY_PHASE_STRIP = NO;
				DEBUG_INFORMATION_FORMAT = "dwarf-with-dsym";
				ENABLE_NS_ASSERTIONS = NO;
				ENABLE_STRICT_OBJC_MSGSEND = YES;
				GCC_C_LANGUAGE_STANDARD = gnu99;
				GCC_NO_COMMON_BLOCKS = YES;
				GCC_WARN_64_TO_32_BIT_CONVERSION = YES;
				GCC_WARN_ABOUT_RETURN_TYPE = YES_ERROR;
				GCC_WARN_UNDECLARED_SELECTOR = YES;
				GCC_WARN_UNINITIALIZED_AUTOS = YES_AGGRESSIVE;
				GCC_WARN_UNUSED_FUNCTION = YES;
				GCC_WARN_UNUSED_VARIABLE = YES;
				IPHONEOS_DEPLOYMENT_TARGET = 10.2;
				MTL_ENABLE_DEBUG_INFO = NO;
				SDKROOT = iphoneos;
				SWIFT_OPTIMIZATION_LEVEL = "-Owholemodule";
				TARGETED_DEVICE_FAMILY = "1,2";
				VALIDATE_PRODUCT = YES;
			};
			name = Release;
		};
		562A51CB1E6D09A800ED1F39 /* Debug */ = {
			isa = XCBuildConfiguration;
			buildSettings = {
				ASSETCATALOG_COMPILER_APPICON_NAME = AppIcon;
				INFOPLIST_FILE = demotoantreem/Info.plist;
				LD_RUNPATH_SEARCH_PATHS = "$(inherited) @executable_path/Frameworks";
				PRODUCT_BUNDLE_IDENTIFIER = vietanh.demotoantreem;
				PRODUCT_NAME = "$(TARGET_NAME)";
				SWIFT_VERSION = 3.0;
			};
			name = Debug;
		};
		562A51CC1E6D09A800ED1F39 /* Release */ = {
			isa = XCBuildConfiguration;
			buildSettings = {
				ASSETCATALOG_COMPILER_APPICON_NAME = AppIcon;
				INFOPLIST_FILE = demotoantreem/Info.plist;
				LD_RUNPATH_SEARCH_PATHS = "$(inherited) @executable_path/Frameworks";
				PRODUCT_BUNDLE_IDENTIFIER = vietanh.demotoantreem;
				PRODUCT_NAME = "$(TARGET_NAME)";
				SWIFT_VERSION = 3.0;
			};
			name = Release;
		};
/* End XCBuildConfiguration section */

/* Begin XCConfigurationList section */
		562A51B31E6D09A800ED1F39 /* Build configuration list for PBXProject "demotoantreem" */ = {
			isa = XCConfigurationList;
			buildConfigurations = (
				562A51C81E6D09A800ED1F39 /* Debug */,
				562A51C91E6D09A800ED1F39 /* Release */,
			);
			defaultConfigurationIsVisible = 0;
			defaultConfigurationName = Release;
		};
		562A51CA1E6D09A800ED1F39 /* Build configuration list for PBXNativeTarget "demotoantreem" */ = {
			isa = XCConfigurationList;
			buildConfigurations = (
				562A51CB1E6D09A800ED1F39 /* Debug */,
				562A51CC1E6D09A800ED1F39 /* Release */,
			);
			defaultConfigurationIsVisible = 0;
		};
/* End XCConfigurationList section */
	};
	rootObject = 562A51B01E6D09A800ED1F39 /* Project object */;
}
